
Microsoft Visual Studio Solution File, Format Version 12.00
# Visual Studio Version 17
VisualStudioVersion = 17.1.32414.318
MinimumVisualStudioVersion = 10.0.40219.1
Project("{9A19103F-16F7-4668-BE54-9A1E7A4F7556}") = "E-Ticaretim", "E-Ticaretim\E-Ticaretim.csproj", "{4850F608-5B5A-4F97-B010-7F4AF60074FF}"
EndProject
Project("{FAE04EC0-301F-11D3-BF4B-00C04F79EFBC}") = "E-TicaretimTests", "E-TicaretimTests\E-TicaretimTests.csproj", "{F6F9470A-8B27-42A1-ACA2-F89B1171FC64}"
EndProject
Global
	GlobalSection(SolutionConfigurationPlatforms) = preSolution
		Debug|Any CPU = Debug|Any CPU
		Release|Any CPU = Release|Any CPU
	EndGlobalSection
	GlobalSection(ProjectConfigurationPlatforms) = postSolution
		{4850F608-5B5A-4F97-B010-7F4AF60074FF}.Debug|Any CPU.ActiveCfg = Debug|Any CPU
		{4850F608-5B5A-4F97-B010-7F4AF60074FF}.Debug|Any CPU.Build.0 = Debug|Any CPU
		{4850F608-5B5A-4F97-B010-7F4AF60074FF}.Release|Any CPU.ActiveCfg = Release|Any CPU
		{4850F608-5B5A-4F97-B010-7F4AF60074FF}.Release|Any CPU.Build.0 = Release|Any CPU
		{F6F9470A-8B27-42A1-ACA2-F89B1171FC64}.Debug|Any CPU.ActiveCfg = Debug|Any CPU
		{F6F9470A-8B27-42A1-ACA2-F89B1171FC64}.Debug|Any CPU.Build.0 = Debug|Any CPU
		{F6F9470A-8B27-42A1-ACA2-F89B1171FC64}.Release|Any CPU.ActiveCfg = Release|Any CPU
		{F6F9470A-8B27-42A1-ACA2-F89B1171FC64}.Release|Any CPU.Build.0 = Release|Any CPU
	EndGlobalSection
	GlobalSection(SolutionProperties) = preSolution
		HideSolutionNode = FALSE
	EndGlobalSection
	GlobalSection(ExtensibilityGlobals) = postSolution
		SolutionGuid = {BFD079E2-BD5A-4830-A9FC-7A54FB6A673E}
	EndGlobalSection
EndGlobal
